
Microsoft Visual Studio Solution File, Format Version 12.00
# Visual Studio Version 17
VisualStudioVersion = 17.2.32519.379
MinimumVisualStudioVersion = 10.0.40219.1
Project("{FAE04EC0-301F-11D3-BF4B-00C04F79EFBC}") = "CarImpundementSystem", "CarImpundementSystem\CarImpundementSystem.csproj", "{4F66C334-AAC6-4371-A582-A1C712965E92}"
EndProject
Global
	GlobalSection(SolutionConfigurationPlatforms) = preSolution
		Debug|Any CPU = Debug|Any CPU
		Release|Any CPU = Release|Any CPU
	EndGlobalSection
	GlobalSection(ProjectConfigurationPlatforms) = postSolution
		{4F66C334-AAC6-4371-A582-A1C712965E92}.Debug|Any CPU.ActiveCfg = Debug|Any CPU
		{4F66C334-AAC6-4371-A582-A1C712965E92}.Debug|Any CPU.Build.0 = Debug|Any CPU
		{4F66C334-AAC6-4371-A582-A1C712965E92}.Release|Any CPU.ActiveCfg = Release|Any CPU
		{4F66C334-AAC6-4371-A582-A1C712965E92}.Release|Any CPU.Build.0 = Release|Any CPU
	EndGlobalSection
	GlobalSection(SolutionProperties) = preSolution
		HideSolutionNode = FALSE
	EndGlobalSection
	GlobalSection(ExtensibilityGlobals) = postSolution
		SolutionGuid = {2C06A243-4893-4A56-8DFF-812D97CAFC00}
	EndGlobalSection
EndGlobal
